
Microsoft Visual Studio Solution File, Format Version 12.00
# Visual Studio Version 17
VisualStudioVersion = 17.5.002.0
MinimumVisualStudioVersion = 10.0.40219.1
Project("{9A19103F-16F7-4668-BE54-9A1E7A4F7556}") = "BranSys", "BranSys.csproj", "{F04DBAF7-8C4D-45EE-9D2E-068603A7DEA4}"
EndProject
Global
	GlobalSection(SolutionConfigurationPlatforms) = preSolution
		Debug|Any CPU = Debug|Any CPU
		Release|Any CPU = Release|Any CPU
	EndGlobalSection
	GlobalSection(ProjectConfigurationPlatforms) = postSolution
		{F04DBAF7-8C4D-45EE-9D2E-068603A7DEA4}.Debug|Any CPU.ActiveCfg = Debug|Any CPU
		{F04DBAF7-8C4D-45EE-9D2E-068603A7DEA4}.Debug|Any CPU.Build.0 = Debug|Any CPU
		{F04DBAF7-8C4D-45EE-9D2E-068603A7DEA4}.Release|Any CPU.ActiveCfg = Release|Any CPU
		{F04DBAF7-8C4D-45EE-9D2E-068603A7DEA4}.Release|Any CPU.Build.0 = Release|Any CPU
	EndGlobalSection
	GlobalSection(SolutionProperties) = preSolution
		HideSolutionNode = FALSE
	EndGlobalSection
	GlobalSection(ExtensibilityGlobals) = postSolution
		SolutionGuid = {A6231D68-DCC1-4359-9026-849E2A05DE54}
	EndGlobalSection
EndGlobal
